
Microsoft Visual Studio Solution File, Format Version 12.00
# Visual Studio Version 16
VisualStudioVersion = 16.0.33801.447
MinimumVisualStudioVersion = 10.0.40219.1
Project("{FAE04EC0-301F-11D3-BF4B-00C04F79EFBC}") = "ConsoleApp4", "ConsoleApp4.csproj", "{067D2F20-BFE0-46CF-8D11-502127691E82}"
EndProject
Global
	GlobalSection(SolutionConfigurationPlatforms) = preSolution
		Debug|Any CPU = Debug|Any CPU
		Release|Any CPU = Release|Any CPU
	EndGlobalSection
	GlobalSection(ProjectConfigurationPlatforms) = postSolution
		{067D2F20-BFE0-46CF-8D11-502127691E82}.Debug|Any CPU.ActiveCfg = Debug|Any CPU
		{067D2F20-BFE0-46CF-8D11-502127691E82}.Debug|Any CPU.Build.0 = Debug|Any CPU
		{067D2F20-BFE0-46CF-8D11-502127691E82}.Release|Any CPU.ActiveCfg = Release|Any CPU
		{067D2F20-BFE0-46CF-8D11-502127691E82}.Release|Any CPU.Build.0 = Release|Any CPU
	EndGlobalSection
	GlobalSection(SolutionProperties) = preSolution
		HideSolutionNode = FALSE
	EndGlobalSection
	GlobalSection(ExtensibilityGlobals) = postSolution
		SolutionGuid = {57DECFA9-BF43-4DAF-8889-1A5ECE804A7B}
	EndGlobalSection
EndGlobal
